{
  "nodes": {
    "flake-utils": {
      "locked": {
        "lastModified": 1614513358,
        "narHash": "sha256-LakhOx3S1dRjnh0b5Dg3mbZyH0ToC9I8Y2wKSkBaTzU=",
        "owner": "numtide",
        "repo": "flake-utils",
        "rev": "5466c5bbece17adaab2d82fae80b46e807611bf3",
        "type": "github"
      },
      "original": {
        "owner": "numtide",
        "repo": "flake-utils",
        "type": "github"
      }
    },
    "home-manager": {
      "inputs": {
        "nixpkgs": "nixpkgs"
      },
      "locked": {
        "lastModified": 1615236417,
        "narHash": "sha256-ialggc4ff+coOaKIxreoynh+FPSs2cergePIQE1U8jE=",
        "owner": "nix-community",
        "repo": "home-manager",
        "rev": "57a7e5e2c53de58215fdac1910470bef36dd30cd",
        "type": "github"
      },
      "original": {
        "owner": "nix-community",
        "ref": "master",
        "repo": "home-manager",
        "type": "github"
      }
    },
    "nixpkgs": {
      "locked": {
        "lastModified": 1615240472,
        "narHash": "sha256-m7r5+yFuJr+Seoynd06jnfcV3UTHNcFLmsqK3jQGU8E=",
        "owner": "NixOS",
        "repo": "nixpkgs",
        "rev": "fab58377abea3fb53c5781cff510d908ea23e92c",
        "type": "github"
      },
      "original": {
        "id": "nixpkgs",
        "type": "indirect"
      }
    },
    "nixpkgs_2": {
      "locked": {
        "lastModified": 1615240409,
        "narHash": "sha256-0jY8Vigv1OQ5xWQhLxL++QMpgC6oHzRvJzt+OBi8dko=",
        "ref": "local",
        "rev": "e63f5b017cf855fdbb2bae32571fda8cf4a0782d",
        "revCount": 275195,
        "type": "git",
        "url": "file:///etc/nixos/nixpkgs"
      },
      "original": {
        "type": "git",
        "url": "file:///etc/nixos/nixpkgs"
      }
    },
    "root": {
      "inputs": {
        "flake-utils": "flake-utils",
        "home-manager": "home-manager",
        "nixpkgs": "nixpkgs_2"
      }
    }
  },
  "root": "root",
  "version": 7
}
