{
  "nodes": {
    "flake-utils": {
      "locked": {
        "lastModified": 1618217525,
        "narHash": "sha256-WGrhVczjXTiswQaoxQ+0PTfbLNeOQM6M36zvLn78AYg=",
        "owner": "numtide",
        "repo": "flake-utils",
        "rev": "c6169a2772643c4a93a0b5ac1c61e296cba68544",
        "type": "github"
      },
      "original": {
        "owner": "numtide",
        "repo": "flake-utils",
        "type": "github"
      }
    },
    "home-manager": {
      "inputs": {
        "nixpkgs": [
          "nixpkgs"
        ]
      },
      "locked": {
        "lastModified": 1618789951,
        "narHash": "sha256-EoQxcVIiaqjUwwTl1YF3zGnXtzEvOUDL3SBZ8ASELvU=",
        "owner": "nix-community",
        "repo": "home-manager",
        "rev": "6aa6556bcab6dc0f6398b4daa8404d788fd7a6a2",
        "type": "github"
      },
      "original": {
        "owner": "nix-community",
        "ref": "master",
        "repo": "home-manager",
        "type": "github"
      }
    },
    "nixpkgs": {
      "locked": {
        "lastModified": 1618801528,
        "narHash": "sha256-1ru9LzP33ElEAZcDzYLgJQG3/uHhAg0LFJEfVZSOPZg=",
        "ref": "HEAD",
        "rev": "0a5f5bab0e08e968ef25cff393312aa51a3512cf",
        "revCount": 283367,
        "type": "git",
        "url": "file:///etc/nixos/nixpkgs"
      },
      "original": {
        "type": "git",
        "url": "file:///etc/nixos/nixpkgs"
      }
    },
    "root": {
      "inputs": {
        "flake-utils": "flake-utils",
        "home-manager": "home-manager",
        "nixpkgs": "nixpkgs"
      }
    }
  },
  "root": "root",
  "version": 7
}
